
Microsoft Visual Studio Solution File, Format Version 12.00
# Visual Studio 15
VisualStudioVersion = 15.0.28307.1738
MinimumVisualStudioVersion = 10.0.40219.1
Project("{FAE04EC0-301F-11D3-BF4B-00C04F79EFBC}") = "Platformer Monogame 3_7 (Windows)", "Platformer Monogame 3_7 (Windows)\Platformer Monogame 3_7 (Windows).csproj", "{0D8FB6F4-C990-4908-8E94-779D26606532}"
EndProject
Global
	GlobalSection(SolutionConfigurationPlatforms) = preSolution
		Debug|Any CPU = Debug|Any CPU
		Debug|x86 = Debug|x86
		Release|Any CPU = Release|Any CPU
		Release|x86 = Release|x86
	EndGlobalSection
	GlobalSection(ProjectConfigurationPlatforms) = postSolution
		{0D8FB6F4-C990-4908-8E94-779D26606532}.Debug|Any CPU.ActiveCfg = Debug|x86
		{0D8FB6F4-C990-4908-8E94-779D26606532}.Debug|x86.ActiveCfg = Debug|x86
		{0D8FB6F4-C990-4908-8E94-779D26606532}.Debug|x86.Build.0 = Debug|x86
		{0D8FB6F4-C990-4908-8E94-779D26606532}.Release|Any CPU.ActiveCfg = Release|x86
		{0D8FB6F4-C990-4908-8E94-779D26606532}.Release|x86.ActiveCfg = Release|x86
		{0D8FB6F4-C990-4908-8E94-779D26606532}.Release|x86.Build.0 = Release|x86
	EndGlobalSection
	GlobalSection(SolutionProperties) = preSolution
		HideSolutionNode = FALSE
	EndGlobalSection
	GlobalSection(ExtensibilityGlobals) = postSolution
		SolutionGuid = {6DFFB2D9-61AF-49C5-84D0-538CCC54680D}
	EndGlobalSection
EndGlobal
